// !$*UTF8*$!
{
	archiveVersion = 1;
	classes = {
	};
	objectVersion = 48;
	objects = {

/* Begin PBXBuildFile section */
		617BAF72F790DCEAAF789BBD /* Pods_Unplash.framework in Frameworks */ = {isa = PBXBuildFile; fileRef = CB6AC0594A51BD06C2FB8FDD /* Pods_Unplash.framework */; };
		C117AA38208EE6B300189309 /* AppDelegate.swift in Sources */ = {isa = PBXBuildFile; fileRef = C117AA37208EE6B300189309 /* AppDelegate.swift */; };
		C117AA3D208EE6B300189309 /* Main.storyboard in Resources */ = {isa = PBXBuildFile; fileRef = C117AA3B208EE6B300189309 /* Main.storyboard */; };
		C117AA3F208EE6B300189309 /* Assets.xcassets in Resources */ = {isa = PBXBuildFile; fileRef = C117AA3E208EE6B300189309 /* Assets.xcassets */; };
		C117AA42208EE6B300189309 /* LaunchScreen.storyboard in Resources */ = {isa = PBXBuildFile; fileRef = C117AA40208EE6B300189309 /* LaunchScreen.storyboard */; };
		C117AA5E208EEC9800189309 /* Global.swift in Sources */ = {isa = PBXBuildFile; fileRef = C117AA4A208EEC9800189309 /* Global.swift */; };
		C117AA5F208EEC9800189309 /* knConstraints.swift in Sources */ = {isa = PBXBuildFile; fileRef = C117AA4B208EEC9800189309 /* knConstraints.swift */; };
		C117AA60208EEC9800189309 /* knController.swift in Sources */ = {isa = PBXBuildFile; fileRef = C117AA4C208EEC9800189309 /* knController.swift */; };
		C117AA61208EEC9800189309 /* knDate.swift in Sources */ = {isa = PBXBuildFile; fileRef = C117AA4D208EEC9800189309 /* knDate.swift */; };
		C117AA62208EEC9800189309 /* knFont.swift in Sources */ = {isa = PBXBuildFile; fileRef = C117AA4E208EEC9800189309 /* knFont.swift */; };
		C117AA63208EEC9800189309 /* knInt.swift in Sources */ = {isa = PBXBuildFile; fileRef = C117AA4F208EEC9800189309 /* knInt.swift */; };
		C117AA64208EEC9800189309 /* knString.swift in Sources */ = {isa = PBXBuildFile; fileRef = C117AA50208EEC9800189309 /* knString.swift */; };
		C117AA65208EEC9800189309 /* knUIApplication.swift in Sources */ = {isa = PBXBuildFile; fileRef = C117AA51208EEC9800189309 /* knUIApplication.swift */; };
		C117AA66208EEC9800189309 /* knUIButton.swift in Sources */ = {isa = PBXBuildFile; fileRef = C117AA52208EEC9800189309 /* knUIButton.swift */; };
		C117AA67208EEC9800189309 /* knUIColor.swift in Sources */ = {isa = PBXBuildFile; fileRef = C117AA53208EEC9800189309 /* knUIColor.swift */; };
		C117AA68208EEC9800189309 /* knUIImage.swift in Sources */ = {isa = PBXBuildFile; fileRef = C117AA54208EEC9800189309 /* knUIImage.swift */; };
		C117AA69208EEC9800189309 /* knUIMaker.swift in Sources */ = {isa = PBXBuildFile; fileRef = C117AA55208EEC9800189309 /* knUIMaker.swift */; };
		C117AA6A208EEC9800189309 /* knUISearchBar.swift in Sources */ = {isa = PBXBuildFile; fileRef = C117AA56208EEC9800189309 /* knUISearchBar.swift */; };
		C117AA6B208EEC9800189309 /* knUITextField.swift in Sources */ = {isa = PBXBuildFile; fileRef = C117AA57208EEC9800189309 /* knUITextField.swift */; };
		C117AA6C208EEC9800189309 /* knUIView.swift in Sources */ = {isa = PBXBuildFile; fileRef = C117AA58208EEC9800189309 /* knUIView.swift */; };
		C117AA6D208EEC9800189309 /* knUIViewController.swift in Sources */ = {isa = PBXBuildFile; fileRef = C117AA59208EEC9800189309 /* knUIViewController.swift */; };
		C117AA6E208EEC9800189309 /* knView.swift in Sources */ = {isa = PBXBuildFile; fileRef = C117AA5A208EEC9800189309 /* knView.swift */; };
		C117AA6F208EEC9800189309 /* OtherExtensions.swift in Sources */ = {isa = PBXBuildFile; fileRef = C117AA5B208EEC9800189309 /* OtherExtensions.swift */; };
		C117AA70208EEC9800189309 /* ServiceConnector.swift in Sources */ = {isa = PBXBuildFile; fileRef = C117AA5C208EEC9800189309 /* ServiceConnector.swift */; };
		C117AA71208EEC9800189309 /* UIViewController+Keyboard.swift in Sources */ = {isa = PBXBuildFile; fileRef = C117AA5D208EEC9800189309 /* UIViewController+Keyboard.swift */; };
		C117AA73208F2AD500189309 /* HomeController.swift in Sources */ = {isa = PBXBuildFile; fileRef = C117AA72208F2AD500189309 /* HomeController.swift */; };
		C117AA75208FCBDD00189309 /* PhotoModel.swift in Sources */ = {isa = PBXBuildFile; fileRef = C117AA74208FCBDD00189309 /* PhotoModel.swift */; };
		C117AA77208FE16D00189309 /* PhotoCell.swift in Sources */ = {isa = PBXBuildFile; fileRef = C117AA76208FE16D00189309 /* PhotoCell.swift */; };
		C11C4323209111EC009C7756 /* PhotoGroupModel.swift in Sources */ = {isa = PBXBuildFile; fileRef = C11C4322209111EB009C7756 /* PhotoGroupModel.swift */; };
		C11C43252091169B009C7756 /* FAFlowLayout.swift.swift in Sources */ = {isa = PBXBuildFile; fileRef = C11C43242091169B009C7756 /* FAFlowLayout.swift.swift */; };
		C11C432720912259009C7756 /* HeaderView.swift in Sources */ = {isa = PBXBuildFile; fileRef = C11C432620912259009C7756 /* HeaderView.swift */; };
		C12EE1B6209110EE009BEBC9 /* PhotoGroupView.swift in Sources */ = {isa = PBXBuildFile; fileRef = C12EE1B5209110EE009BEBC9 /* PhotoGroupView.swift */; };
		C144FD6B20967F97009CE36B /* Animator.swift in Sources */ = {isa = PBXBuildFile; fileRef = C144FD6A20967F97009CE36B /* Animator.swift */; };
		C144FD70209717B6009CE36B /* DetailController.swift in Sources */ = {isa = PBXBuildFile; fileRef = C144FD6F209717B6009CE36B /* DetailController.swift */; };
		C144FD72209717EB009CE36B /* DetailCell.swift in Sources */ = {isa = PBXBuildFile; fileRef = C144FD71209717EB009CE36B /* DetailCell.swift */; };
		C17FC28B20918AAA00B4D05B /* PhotoGroupCell.swift in Sources */ = {isa = PBXBuildFile; fileRef = C17FC28A20918AAA00B4D05B /* PhotoGroupCell.swift */; };
/* End PBXBuildFile section */

/* Begin PBXFileReference section */
		0321938F55D66604DACF88C0 /* Pods-Unplash.release.xcconfig */ = {isa = PBXFileReference; includeInIndex = 1; lastKnownFileType = text.xcconfig; name = "Pods-Unplash.release.xcconfig"; path = "Pods/Target Support Files/Pods-Unplash/Pods-Unplash.release.xcconfig"; sourceTree = "<group>"; };
		81A43A30EDDCF4619485FA85 /* Pods-Unplash.debug.xcconfig */ = {isa = PBXFileReference; includeInIndex = 1; lastKnownFileType = text.xcconfig; name = "Pods-Unplash.debug.xcconfig"; path = "Pods/Target Support Files/Pods-Unplash/Pods-Unplash.debug.xcconfig"; sourceTree = "<group>"; };
		C117AA34208EE6B300189309 /* Unplash.app */ = {isa = PBXFileReference; explicitFileType = wrapper.application; includeInIndex = 0; path = Unplash.app; sourceTree = BUILT_PRODUCTS_DIR; };
		C117AA37208EE6B300189309 /* AppDelegate.swift */ = {isa = PBXFileReference; lastKnownFileType = sourcecode.swift; path = AppDelegate.swift; sourceTree = "<group>"; };
		C117AA3C208EE6B300189309 /* Base */ = {isa = PBXFileReference; lastKnownFileType = file.storyboard; name = Base; path = Base.lproj/Main.storyboard; sourceTree = "<group>"; };
		C117AA3E208EE6B300189309 /* Assets.xcassets */ = {isa = PBXFileReference; lastKnownFileType = folder.assetcatalog; path = Assets.xcassets; sourceTree = "<group>"; };
		C117AA41208EE6B300189309 /* Base */ = {isa = PBXFileReference; lastKnownFileType = file.storyboard; name = Base; path = Base.lproj/LaunchScreen.storyboard; sourceTree = "<group>"; };
		C117AA43208EE6B300189309 /* Info.plist */ = {isa = PBXFileReference; lastKnownFileType = text.plist.xml; path = Info.plist; sourceTree = "<group>"; };
		C117AA4A208EEC9800189309 /* Global.swift */ = {isa = PBXFileReference; fileEncoding = 4; lastKnownFileType = sourcecode.swift; path = Global.swift; sourceTree = "<group>"; };
		C117AA4B208EEC9800189309 /* knConstraints.swift */ = {isa = PBXFileReference; fileEncoding = 4; lastKnownFileType = sourcecode.swift; path = knConstraints.swift; sourceTree = "<group>"; };
		C117AA4C208EEC9800189309 /* knController.swift */ = {isa = PBXFileReference; fileEncoding = 4; lastKnownFileType = sourcecode.swift; path = knController.swift; sourceTree = "<group>"; };
		C117AA4D208EEC9800189309 /* knDate.swift */ = {isa = PBXFileReference; fileEncoding = 4; lastKnownFileType = sourcecode.swift; path = knDate.swift; sourceTree = "<group>"; };
		C117AA4E208EEC9800189309 /* knFont.swift */ = {isa = PBXFileReference; fileEncoding = 4; lastKnownFileType = sourcecode.swift; path = knFont.swift; sourceTree = "<group>"; };
		C117AA4F208EEC9800189309 /* knInt.swift */ = {isa = PBXFileReference; fileEncoding = 4; lastKnownFileType = sourcecode.swift; path = knInt.swift; sourceTree = "<group>"; };
		C117AA50208EEC9800189309 /* knString.swift */ = {isa = PBXFileReference; fileEncoding = 4; lastKnownFileType = sourcecode.swift; path = knString.swift; sourceTree = "<group>"; };
		C117AA51208EEC9800189309 /* knUIApplication.swift */ = {isa = PBXFileReference; fileEncoding = 4; lastKnownFileType = sourcecode.swift; path = knUIApplication.swift; sourceTree = "<group>"; };
		C117AA52208EEC9800189309 /* knUIButton.swift */ = {isa = PBXFileReference; fileEncoding = 4; lastKnownFileType = sourcecode.swift; path = knUIButton.swift; sourceTree = "<group>"; };
		C117AA53208EEC9800189309 /* knUIColor.swift */ = {isa = PBXFileReference; fileEncoding = 4; lastKnownFileType = sourcecode.swift; path = knUIColor.swift; sourceTree = "<group>"; };
		C117AA54208EEC9800189309 /* knUIImage.swift */ = {isa = PBXFileReference; fileEncoding = 4; lastKnownFileType = sourcecode.swift; path = knUIImage.swift; sourceTree = "<group>"; };
		C117AA55208EEC9800189309 /* knUIMaker.swift */ = {isa = PBXFileReference; fileEncoding = 4; lastKnownFileType = sourcecode.swift; path = knUIMaker.swift; sourceTree = "<group>"; };
		C117AA56208EEC9800189309 /* knUISearchBar.swift */ = {isa = PBXFileReference; fileEncoding = 4; lastKnownFileType = sourcecode.swift; path = knUISearchBar.swift; sourceTree = "<group>"; };
		C117AA57208EEC9800189309 /* knUITextField.swift */ = {isa = PBXFileReference; fileEncoding = 4; lastKnownFileType = sourcecode.swift; path = knUITextField.swift; sourceTree = "<group>"; };
		C117AA58208EEC9800189309 /* knUIView.swift */ = {isa = PBXFileReference; fileEncoding = 4; lastKnownFileType = sourcecode.swift; path = knUIView.swift; sourceTree = "<group>"; };
		C117AA59208EEC9800189309 /* knUIViewController.swift */ = {isa = PBXFileReference; fileEncoding = 4; lastKnownFileType = sourcecode.swift; path = knUIViewController.swift; sourceTree = "<group>"; };
		C117AA5A208EEC9800189309 /* knView.swift */ = {isa = PBXFileReference; fileEncoding = 4; lastKnownFileType = sourcecode.swift; path = knView.swift; sourceTree = "<group>"; };
		C117AA5B208EEC9800189309 /* OtherExtensions.swift */ = {isa = PBXFileReference; fileEncoding = 4; lastKnownFileType = sourcecode.swift; path = OtherExtensions.swift; sourceTree = "<group>"; };
		C117AA5C208EEC9800189309 /* ServiceConnector.swift */ = {isa = PBXFileReference; fileEncoding = 4; lastKnownFileType = sourcecode.swift; path = ServiceConnector.swift; sourceTree = "<group>"; };
		C117AA5D208EEC9800189309 /* UIViewController+Keyboard.swift */ = {isa = PBXFileReference; fileEncoding = 4; lastKnownFileType = sourcecode.swift; path = "UIViewController+Keyboard.swift"; sourceTree = "<group>"; };
		C117AA72208F2AD500189309 /* HomeController.swift */ = {isa = PBXFileReference; lastKnownFileType = sourcecode.swift; path = HomeController.swift; sourceTree = "<group>"; };
		C117AA74208FCBDD00189309 /* PhotoModel.swift */ = {isa = PBXFileReference; lastKnownFileType = sourcecode.swift; path = PhotoModel.swift; sourceTree = "<group>"; };
		C117AA76208FE16D00189309 /* PhotoCell.swift */ = {isa = PBXFileReference; lastKnownFileType = sourcecode.swift; path = PhotoCell.swift; sourceTree = "<group>"; };
		C11C4322209111EB009C7756 /* PhotoGroupModel.swift */ = {isa = PBXFileReference; lastKnownFileType = sourcecode.swift; path = PhotoGroupModel.swift; sourceTree = "<group>"; };
		C11C43242091169B009C7756 /* FAFlowLayout.swift.swift */ = {isa = PBXFileReference; lastKnownFileType = sourcecode.swift; path = FAFlowLayout.swift.swift; sourceTree = "<group>"; };
		C11C432620912259009C7756 /* HeaderView.swift */ = {isa = PBXFileReference; lastKnownFileType = sourcecode.swift; path = HeaderView.swift; sourceTree = "<group>"; };
		C12EE1B5209110EE009BEBC9 /* PhotoGroupView.swift */ = {isa = PBXFileReference; lastKnownFileType = sourcecode.swift; path = PhotoGroupView.swift; sourceTree = "<group>"; };
		C144FD6A20967F97009CE36B /* Animator.swift */ = {isa = PBXFileReference; lastKnownFileType = sourcecode.swift; path = Animator.swift; sourceTree = "<group>"; };
		C144FD6F209717B6009CE36B /* DetailController.swift */ = {isa = PBXFileReference; lastKnownFileType = sourcecode.swift; path = DetailController.swift; sourceTree = "<group>"; };
		C144FD71209717EB009CE36B /* DetailCell.swift */ = {isa = PBXFileReference; lastKnownFileType = sourcecode.swift; path = DetailCell.swift; sourceTree = "<group>"; };
		C17FC28A20918AAA00B4D05B /* PhotoGroupCell.swift */ = {isa = PBXFileReference; lastKnownFileType = sourcecode.swift; path = PhotoGroupCell.swift; sourceTree = "<group>"; };
		CB6AC0594A51BD06C2FB8FDD /* Pods_Unplash.framework */ = {isa = PBXFileReference; explicitFileType = wrapper.framework; includeInIndex = 0; path = Pods_Unplash.framework; sourceTree = BUILT_PRODUCTS_DIR; };
/* End PBXFileReference section */

/* Begin PBXFrameworksBuildPhase section */
		C117AA31208EE6B300189309 /* Frameworks */ = {
			isa = PBXFrameworksBuildPhase;
			buildActionMask = 2147483647;
			files = (
				617BAF72F790DCEAAF789BBD /* Pods_Unplash.framework in Frameworks */,
			);
			runOnlyForDeploymentPostprocessing = 0;
		};
/* End PBXFrameworksBuildPhase section */

/* Begin PBXGroup section */
		35BEA693508618FEF19107D9 /* Frameworks */ = {
			isa = PBXGroup;
			children = (
				CB6AC0594A51BD06C2FB8FDD /* Pods_Unplash.framework */,
			);
			name = Frameworks;
			sourceTree = "<group>";
		};
		5497176D2DA81239CCC1883D /* Pods */ = {
			isa = PBXGroup;
			children = (
				81A43A30EDDCF4619485FA85 /* Pods-Unplash.debug.xcconfig */,
				0321938F55D66604DACF88C0 /* Pods-Unplash.release.xcconfig */,
			);
			name = Pods;
			sourceTree = "<group>";
		};
		C117AA2B208EE6B300189309 = {
			isa = PBXGroup;
			children = (
				C117AA36208EE6B300189309 /* Unplash */,
				C117AA35208EE6B300189309 /* Products */,
				5497176D2DA81239CCC1883D /* Pods */,
				35BEA693508618FEF19107D9 /* Frameworks */,
			);
			sourceTree = "<group>";
		};
		C117AA35208EE6B300189309 /* Products */ = {
			isa = PBXGroup;
			children = (
				C117AA34208EE6B300189309 /* Unplash.app */,
			);
			name = Products;
			sourceTree = "<group>";
		};
		C117AA36208EE6B300189309 /* Unplash */ = {
			isa = PBXGroup;
			children = (
				C144FD6E209717B0009CE36B /* Detail */,
				C117AA49208EEC9800189309 /* mustHave */,
				C117AA37208EE6B300189309 /* AppDelegate.swift */,
				C144FD6D209717A7009CE36B /* Home */,
				C144FD6C2097178D009CE36B /* GroupView */,
				C117AA3B208EE6B300189309 /* Main.storyboard */,
				C117AA3E208EE6B300189309 /* Assets.xcassets */,
				C117AA40208EE6B300189309 /* LaunchScreen.storyboard */,
				C117AA43208EE6B300189309 /* Info.plist */,
			);
			path = Unplash;
			sourceTree = "<group>";
		};
		C117AA49208EEC9800189309 /* mustHave */ = {
			isa = PBXGroup;
			children = (
				C117AA4A208EEC9800189309 /* Global.swift */,
				C117AA4B208EEC9800189309 /* knConstraints.swift */,
				C117AA4C208EEC9800189309 /* knController.swift */,
				C117AA4D208EEC9800189309 /* knDate.swift */,
				C117AA4E208EEC9800189309 /* knFont.swift */,
				C117AA4F208EEC9800189309 /* knInt.swift */,
				C117AA50208EEC9800189309 /* knString.swift */,
				C117AA51208EEC9800189309 /* knUIApplication.swift */,
				C117AA52208EEC9800189309 /* knUIButton.swift */,
				C117AA53208EEC9800189309 /* knUIColor.swift */,
				C117AA54208EEC9800189309 /* knUIImage.swift */,
				C117AA55208EEC9800189309 /* knUIMaker.swift */,
				C117AA56208EEC9800189309 /* knUISearchBar.swift */,
				C117AA57208EEC9800189309 /* knUITextField.swift */,
				C117AA58208EEC9800189309 /* knUIView.swift */,
				C117AA59208EEC9800189309 /* knUIViewController.swift */,
				C117AA5A208EEC9800189309 /* knView.swift */,
				C117AA5B208EEC9800189309 /* OtherExtensions.swift */,
				C117AA5C208EEC9800189309 /* ServiceConnector.swift */,
				C117AA5D208EEC9800189309 /* UIViewController+Keyboard.swift */,
			);
			path = mustHave;
			sourceTree = "<group>";
		};
		C144FD6C2097178D009CE36B /* GroupView */ = {
			isa = PBXGroup;
			children = (
				C11C43242091169B009C7756 /* FAFlowLayout.swift.swift */,
				C12EE1B5209110EE009BEBC9 /* PhotoGroupView.swift */,
				C17FC28A20918AAA00B4D05B /* PhotoGroupCell.swift */,
				C11C4322209111EB009C7756 /* PhotoGroupModel.swift */,
			);
			path = GroupView;
			sourceTree = "<group>";
		};
		C144FD6D209717A7009CE36B /* Home */ = {
			isa = PBXGroup;
			children = (
				C117AA76208FE16D00189309 /* PhotoCell.swift */,
				C144FD6A20967F97009CE36B /* Animator.swift */,
				C117AA72208F2AD500189309 /* HomeController.swift */,
				C11C432620912259009C7756 /* HeaderView.swift */,
				C117AA74208FCBDD00189309 /* PhotoModel.swift */,
			);
			path = Home;
			sourceTree = "<group>";
		};
		C144FD6E209717B0009CE36B /* Detail */ = {
			isa = PBXGroup;
			children = (
				C144FD6F209717B6009CE36B /* DetailController.swift */,
				C144FD71209717EB009CE36B /* DetailCell.swift */,
			);
			path = Detail;
			sourceTree = "<group>";
		};
/* End PBXGroup section */

/* Begin PBXNativeTarget section */
		C117AA33208EE6B300189309 /* Unplash */ = {
			isa = PBXNativeTarget;
			buildConfigurationList = C117AA46208EE6B300189309 /* Build configuration list for PBXNativeTarget "Unplash" */;
			buildPhases = (
				B94589EF0CE16ADF9663ADD1 /* [CP] Check Pods Manifest.lock */,
				C117AA30208EE6B300189309 /* Sources */,
				C117AA31208EE6B300189309 /* Frameworks */,
				C117AA32208EE6B300189309 /* Resources */,
				3A8B6D4E5CB98F1F32942728 /* [CP] Embed Pods Frameworks */,
				93B8B99B0EEE0532C86FDF83 /* [CP] Copy Pods Resources */,
			);
			buildRules = (
			);
			dependencies = (
			);
			name = Unplash;
			productName = Unplash;
			productReference = C117AA34208EE6B300189309 /* Unplash.app */;
			productType = "com.apple.product-type.application";
		};
/* End PBXNativeTarget section */

/* Begin PBXProject section */
		C117AA2C208EE6B300189309 /* Project object */ = {
			isa = PBXProject;
			attributes = {
				LastSwiftUpdateCheck = 0920;
				LastUpgradeCheck = 0920;
				ORGANIZATIONNAME = kynguyen;
				TargetAttributes = {
					C117AA33208EE6B300189309 = {
						CreatedOnToolsVersion = 9.2;
						ProvisioningStyle = Automatic;
					};
				};
			};
			buildConfigurationList = C117AA2F208EE6B300189309 /* Build configuration list for PBXProject "Unplash" */;
			compatibilityVersion = "Xcode 8.0";
			developmentRegion = en;
			hasScannedForEncodings = 0;
			knownRegions = (
				en,
				Base,
			);
			mainGroup = C117AA2B208EE6B300189309;
			productRefGroup = C117AA35208EE6B300189309 /* Products */;
			projectDirPath = "";
			projectRoot = "";
			targets = (
				C117AA33208EE6B300189309 /* Unplash */,
			);
		};
/* End PBXProject section */

/* Begin PBXResourcesBuildPhase section */
		C117AA32208EE6B300189309 /* Resources */ = {
			isa = PBXResourcesBuildPhase;
			buildActionMask = 2147483647;
			files = (
				C117AA42208EE6B300189309 /* LaunchScreen.storyboard in Resources */,
				C117AA3F208EE6B300189309 /* Assets.xcassets in Resources */,
				C117AA3D208EE6B300189309 /* Main.storyboard in Resources */,
			);
			runOnlyForDeploymentPostprocessing = 0;
		};
/* End PBXResourcesBuildPhase section */

/* Begin PBXShellScriptBuildPhase section */
		3A8B6D4E5CB98F1F32942728 /* [CP] Embed Pods Frameworks */ = {
			isa = PBXShellScriptBuildPhase;
			buildActionMask = 2147483647;
			files = (
			);
			inputPaths = (
				"${SRCROOT}/Pods/Target Support Files/Pods-Unplash/Pods-Unplash-frameworks.sh",
				"${BUILT_PRODUCTS_DIR}/Kingfisher/Kingfisher.framework",
			);
			name = "[CP] Embed Pods Frameworks";
			outputPaths = (
				"${TARGET_BUILD_DIR}/${FRAMEWORKS_FOLDER_PATH}/Kingfisher.framework",
			);
			runOnlyForDeploymentPostprocessing = 0;
			shellPath = /bin/sh;
			shellScript = "\"${SRCROOT}/Pods/Target Support Files/Pods-Unplash/Pods-Unplash-frameworks.sh\"\n";
			showEnvVarsInLog = 0;
		};
		93B8B99B0EEE0532C86FDF83 /* [CP] Copy Pods Resources */ = {
			isa = PBXShellScriptBuildPhase;
			buildActionMask = 2147483647;
			files = (
			);
			inputPaths = (
			);
			name = "[CP] Copy Pods Resources";
			outputPaths = (
			);
			runOnlyForDeploymentPostprocessing = 0;
			shellPath = /bin/sh;
			shellScript = "\"${SRCROOT}/Pods/Target Support Files/Pods-Unplash/Pods-Unplash-resources.sh\"\n";
			showEnvVarsInLog = 0;
		};
		B94589EF0CE16ADF9663ADD1 /* [CP] Check Pods Manifest.lock */ = {
			isa = PBXShellScriptBuildPhase;
			buildActionMask = 2147483647;
			files = (
			);
			inputPaths = (
				"${PODS_PODFILE_DIR_PATH}/Podfile.lock",
				"${PODS_ROOT}/Manifest.lock",
			);
			name = "[CP] Check Pods Manifest.lock";
			outputPaths = (
				"$(DERIVED_FILE_DIR)/Pods-Unplash-checkManifestLockResult.txt",
			);
			runOnlyForDeploymentPostprocessing = 0;
			shellPath = /bin/sh;
			shellScript = "diff \"${PODS_PODFILE_DIR_PATH}/Podfile.lock\" \"${PODS_ROOT}/Manifest.lock\" > /dev/null\nif [ $? != 0 ] ; then\n    # print error to STDERR\n    echo \"error: The sandbox is not in sync with the Podfile.lock. Run 'pod install' or update your CocoaPods installation.\" >&2\n    exit 1\nfi\n# This output is used by Xcode 'outputs' to avoid re-running this script phase.\necho \"SUCCESS\" > \"${SCRIPT_OUTPUT_FILE_0}\"\n";
			showEnvVarsInLog = 0;
		};
/* End PBXShellScriptBuildPhase section */

/* Begin PBXSourcesBuildPhase section */
		C117AA30208EE6B300189309 /* Sources */ = {
			isa = PBXSourcesBuildPhase;
			buildActionMask = 2147483647;
			files = (
				C144FD70209717B6009CE36B /* DetailController.swift in Sources */,
				C117AA77208FE16D00189309 /* PhotoCell.swift in Sources */,
				C117AA66208EEC9800189309 /* knUIButton.swift in Sources */,
				C117AA6A208EEC9800189309 /* knUISearchBar.swift in Sources */,
				C117AA6D208EEC9800189309 /* knUIViewController.swift in Sources */,
				C117AA38208EE6B300189309 /* AppDelegate.swift in Sources */,
				C117AA63208EEC9800189309 /* knInt.swift in Sources */,
				C117AA75208FCBDD00189309 /* PhotoModel.swift in Sources */,
				C117AA6F208EEC9800189309 /* OtherExtensions.swift in Sources */,
				C17FC28B20918AAA00B4D05B /* PhotoGroupCell.swift in Sources */,
				C117AA68208EEC9800189309 /* knUIImage.swift in Sources */,
				C117AA67208EEC9800189309 /* knUIColor.swift in Sources */,
				C117AA70208EEC9800189309 /* ServiceConnector.swift in Sources */,
				C117AA65208EEC9800189309 /* knUIApplication.swift in Sources */,
				C117AA69208EEC9800189309 /* knUIMaker.swift in Sources */,
				C11C4323209111EC009C7756 /* PhotoGroupModel.swift in Sources */,
				C117AA5E208EEC9800189309 /* Global.swift in Sources */,
				C12EE1B6209110EE009BEBC9 /* PhotoGroupView.swift in Sources */,
				C117AA73208F2AD500189309 /* HomeController.swift in Sources */,
				C117AA71208EEC9800189309 /* UIViewController+Keyboard.swift in Sources */,
				C117AA6C208EEC9800189309 /* knUIView.swift in Sources */,
				C117AA6E208EEC9800189309 /* knView.swift in Sources */,
				C11C43252091169B009C7756 /* FAFlowLayout.swift.swift in Sources */,
				C144FD6B20967F97009CE36B /* Animator.swift in Sources */,
				C117AA60208EEC9800189309 /* knController.swift in Sources */,
				C117AA64208EEC9800189309 /* knString.swift in Sources */,
				C117AA62208EEC9800189309 /* knFont.swift in Sources */,
				C117AA61208EEC9800189309 /* knDate.swift in Sources */,
				C117AA6B208EEC9800189309 /* knUITextField.swift in Sources */,
				C117AA5F208EEC9800189309 /* knConstraints.swift in Sources */,
				C144FD72209717EB009CE36B /* DetailCell.swift in Sources */,
				C11C432720912259009C7756 /* HeaderView.swift in Sources */,
			);
			runOnlyForDeploymentPostprocessing = 0;
		};
/* End PBXSourcesBuildPhase section */

/* Begin PBXVariantGroup section */
		C117AA3B208EE6B300189309 /* Main.storyboard */ = {
			isa = PBXVariantGroup;
			children = (
				C117AA3C208EE6B300189309 /* Base */,
			);
			name = Main.storyboard;
			sourceTree = "<group>";
		};
		C117AA40208EE6B300189309 /* LaunchScreen.storyboard */ = {
			isa = PBXVariantGroup;
			children = (
				C117AA41208EE6B300189309 /* Base */,
			);
			name = LaunchScreen.storyboard;
			sourceTree = "<group>";
		};
/* End PBXVariantGroup section */

/* Begin XCBuildConfiguration section */
		C117AA44208EE6B300189309 /* Debug */ = {
			isa = XCBuildConfiguration;
			buildSettings = {
				ALWAYS_SEARCH_USER_PATHS = NO;
				CLANG_ANALYZER_NONNULL = YES;
				CLANG_ANALYZER_NUMBER_OBJECT_CONVERSION = YES_AGGRESSIVE;
				CLANG_CXX_LANGUAGE_STANDARD = "gnu++14";
				CLANG_CXX_LIBRARY = "libc++";
				CLANG_ENABLE_MODULES = YES;
				CLANG_ENABLE_OBJC_ARC = YES;
				CLANG_WARN_BLOCK_CAPTURE_AUTORELEASING = YES;
				CLANG_WARN_BOOL_CONVERSION = YES;
				CLANG_WARN_COMMA = YES;
				CLANG_WARN_CONSTANT_CONVERSION = YES;
				CLANG_WARN_DIRECT_OBJC_ISA_USAGE = YES_ERROR;
				CLANG_WARN_DOCUMENTATION_COMMENTS = YES;
				CLANG_WARN_EMPTY_BODY = YES;
				CLANG_WARN_ENUM_CONVERSION = YES;
				CLANG_WARN_INFINITE_RECURSION = YES;
				CLANG_WARN_INT_CONVERSION = YES;
				CLANG_WARN_NON_LITERAL_NULL_CONVERSION = YES;
				CLANG_WARN_OBJC_LITERAL_CONVERSION = YES;
				CLANG_WARN_OBJC_ROOT_CLASS = YES_ERROR;
				CLANG_WARN_RANGE_LOOP_ANALYSIS = YES;
				CLANG_WARN_STRICT_PROTOTYPES = YES;
				CLANG_WARN_SUSPICIOUS_MOVE = YES;
				CLANG_WARN_UNGUARDED_AVAILABILITY = YES_AGGRESSIVE;
				CLANG_WARN_UNREACHABLE_CODE = YES;
				CLANG_WARN__DUPLICATE_METHOD_MATCH = YES;
				CODE_SIGN_IDENTITY = "iPhone Developer";
				COPY_PHASE_STRIP = NO;
				DEBUG_INFORMATION_FORMAT = dwarf;
				ENABLE_STRICT_OBJC_MSGSEND = YES;
				ENABLE_TESTABILITY = YES;
				GCC_C_LANGUAGE_STANDARD = gnu11;
				GCC_DYNAMIC_NO_PIC = NO;
				GCC_NO_COMMON_BLOCKS = YES;
				GCC_OPTIMIZATION_LEVEL = 0;
				GCC_PREPROCESSOR_DEFINITIONS = (
					"DEBUG=1",
					"$(inherited)",
				);
				GCC_WARN_64_TO_32_BIT_CONVERSION = YES;
				GCC_WARN_ABOUT_RETURN_TYPE = YES_ERROR;
				GCC_WARN_UNDECLARED_SELECTOR = YES;
				GCC_WARN_UNINITIALIZED_AUTOS = YES_AGGRESSIVE;
				GCC_WARN_UNUSED_FUNCTION = YES;
				GCC_WARN_UNUSED_VARIABLE = YES;
				IPHONEOS_DEPLOYMENT_TARGET = 11.2;
				MTL_ENABLE_DEBUG_INFO = YES;
				ONLY_ACTIVE_ARCH = YES;
				SDKROOT = iphoneos;
				SWIFT_ACTIVE_COMPILATION_CONDITIONS = DEBUG;
				SWIFT_OPTIMIZATION_LEVEL = "-Onone";
			};
			name = Debug;
		};
		C117AA45208EE6B300189309 /* Release */ = {
			isa = XCBuildConfiguration;
			buildSettings = {
				ALWAYS_SEARCH_USER_PATHS = NO;
				CLANG_ANALYZER_NONNULL = YES;
				CLANG_ANALYZER_NUMBER_OBJECT_CONVERSION = YES_AGGRESSIVE;
				CLANG_CXX_LANGUAGE_STANDARD = "gnu++14";
				CLANG_CXX_LIBRARY = "libc++";
				CLANG_ENABLE_MODULES = YES;
				CLANG_ENABLE_OBJC_ARC = YES;
				CLANG_WARN_BLOCK_CAPTURE_AUTORELEASING = YES;
				CLANG_WARN_BOOL_CONVERSION = YES;
				CLANG_WARN_COMMA = YES;
				CLANG_WARN_CONSTANT_CONVERSION = YES;
				CLANG_WARN_DIRECT_OBJC_ISA_USAGE = YES_ERROR;
				CLANG_WARN_DOCUMENTATION_COMMENTS = YES;
				CLANG_WARN_EMPTY_BODY = YES;
				CLANG_WARN_ENUM_CONVERSION = YES;
				CLANG_WARN_INFINITE_RECURSION = YES;
				CLANG_WARN_INT_CONVERSION = YES;
				CLANG_WARN_NON_LITERAL_NULL_CONVERSION = YES;
				CLANG_WARN_OBJC_LITERAL_CONVERSION = YES;
				CLANG_WARN_OBJC_ROOT_CLASS = YES_ERROR;
				CLANG_WARN_RANGE_LOOP_ANALYSIS = YES;
				CLANG_WARN_STRICT_PROTOTYPES = YES;
				CLANG_WARN_SUSPICIOUS_MOVE = YES;
				CLANG_WARN_UNGUARDED_AVAILABILITY = YES_AGGRESSIVE;
				CLANG_WARN_UNREACHABLE_CODE = YES;
				CLANG_WARN__DUPLICATE_METHOD_MATCH = YES;
				CODE_SIGN_IDENTITY = "iPhone Developer";
				COPY_PHASE_STRIP = NO;
				DEBUG_INFORMATION_FORMAT = "dwarf-with-dsym";
				ENABLE_NS_ASSERTIONS = NO;
				ENABLE_STRICT_OBJC_MSGSEND = YES;
				GCC_C_LANGUAGE_STANDARD = gnu11;
				GCC_NO_COMMON_BLOCKS = YES;
				GCC_WARN_64_TO_32_BIT_CONVERSION = YES;
				GCC_WARN_ABOUT_RETURN_TYPE = YES_ERROR;
				GCC_WARN_UNDECLARED_SELECTOR = YES;
				GCC_WARN_UNINITIALIZED_AUTOS = YES_AGGRESSIVE;
				GCC_WARN_UNUSED_FUNCTION = YES;
				GCC_WARN_UNUSED_VARIABLE = YES;
				IPHONEOS_DEPLOYMENT_TARGET = 11.2;
				MTL_ENABLE_DEBUG_INFO = NO;
				SDKROOT = iphoneos;
				SWIFT_OPTIMIZATION_LEVEL = "-Owholemodule";
				VALIDATE_PRODUCT = YES;
			};
			name = Release;
		};
		C117AA47208EE6B300189309 /* Debug */ = {
			isa = XCBuildConfiguration;
			baseConfigurationReference = 81A43A30EDDCF4619485FA85 /* Pods-Unplash.debug.xcconfig */;
			buildSettings = {
				ASSETCATALOG_COMPILER_APPICON_NAME = AppIcon;
				CODE_SIGN_STYLE = Automatic;
				DEVELOPMENT_TEAM = YM62LBZ4XN;
				INFOPLIST_FILE = Unplash/Info.plist;
				IPHONEOS_DEPLOYMENT_TARGET = 10.1;
				LD_RUNPATH_SEARCH_PATHS = "$(inherited) @executable_path/Frameworks";
				PRODUCT_BUNDLE_IDENTIFIER = com.Unplash;
				PRODUCT_NAME = "$(TARGET_NAME)";
				SWIFT_VERSION = 4.0;
				TARGETED_DEVICE_FAMILY = "1,2";
			};
			name = Debug;
		};
		C117AA48208EE6B300189309 /* Release */ = {
			isa = XCBuildConfiguration;
			baseConfigurationReference = 0321938F55D66604DACF88C0 /* Pods-Unplash.release.xcconfig */;
			buildSettings = {
				ASSETCATALOG_COMPILER_APPICON_NAME = AppIcon;
				CODE_SIGN_STYLE = Automatic;
				DEVELOPMENT_TEAM = YM62LBZ4XN;
				INFOPLIST_FILE = Unplash/Info.plist;
				IPHONEOS_DEPLOYMENT_TARGET = 10.1;
				LD_RUNPATH_SEARCH_PATHS = "$(inherited) @executable_path/Frameworks";
				PRODUCT_BUNDLE_IDENTIFIER = com.Unplash;
				PRODUCT_NAME = "$(TARGET_NAME)";
				SWIFT_VERSION = 4.0;
				TARGETED_DEVICE_FAMILY = "1,2";
			};
			name = Release;
		};
/* End XCBuildConfiguration section */

/* Begin XCConfigurationList section */
		C117AA2F208EE6B300189309 /* Build configuration list for PBXProject "Unplash" */ = {
			isa = XCConfigurationList;
			buildConfigurations = (
				C117AA44208EE6B300189309 /* Debug */,
				C117AA45208EE6B300189309 /* Release */,
			);
			defaultConfigurationIsVisible = 0;
			defaultConfigurationName = Release;
		};
		C117AA46208EE6B300189309 /* Build configuration list for PBXNativeTarget "Unplash" */ = {
			isa = XCConfigurationList;
			buildConfigurations = (
				C117AA47208EE6B300189309 /* Debug */,
				C117AA48208EE6B300189309 /* Release */,
			);
			defaultConfigurationIsVisible = 0;
			defaultConfigurationName = Release;
		};
/* End XCConfigurationList section */
	};
	rootObject = C117AA2C208EE6B300189309 /* Project object */;
}
